
Microsoft Visual Studio Solution File, Format Version 12.00
# Visual Studio Version 16
VisualStudioVersion = 16.0.31515.178
MinimumVisualStudioVersion = 10.0.40219.1
Project("{FAE04EC0-301F-11D3-BF4B-00C04F79EFBC}") = "Insurance_Questionaire", "Insurance_Questionaire\Insurance_Questionaire.csproj", "{D7798AAD-FCB2-426E-BFD1-6F4B294764CB}"
EndProject
Global
	GlobalSection(SolutionConfigurationPlatforms) = preSolution
		Debug|Any CPU = Debug|Any CPU
		Release|Any CPU = Release|Any CPU
	EndGlobalSection
	GlobalSection(ProjectConfigurationPlatforms) = postSolution
		{D7798AAD-FCB2-426E-BFD1-6F4B294764CB}.Debug|Any CPU.ActiveCfg = Debug|Any CPU
		{D7798AAD-FCB2-426E-BFD1-6F4B294764CB}.Debug|Any CPU.Build.0 = Debug|Any CPU
		{D7798AAD-FCB2-426E-BFD1-6F4B294764CB}.Release|Any CPU.ActiveCfg = Release|Any CPU
		{D7798AAD-FCB2-426E-BFD1-6F4B294764CB}.Release|Any CPU.Build.0 = Release|Any CPU
	EndGlobalSection
	GlobalSection(SolutionProperties) = preSolution
		HideSolutionNode = FALSE
	EndGlobalSection
	GlobalSection(ExtensibilityGlobals) = postSolution
		SolutionGuid = {C03D093C-1AE2-4FEF-9DEC-3C0AECF2C41F}
	EndGlobalSection
EndGlobal
